
Microsoft Visual Studio Solution File, Format Version 12.00
# Visual Studio Version 17
VisualStudioVersion = 17.14.36414.22
MinimumVisualStudioVersion = 10.0.40219.1
Project("{2150E333-8FDC-42A3-9474-1A3956D46DE8}") = "Task0", "Task0", "{02EA681E-C7D8-13C7-8484-4AC65E1B71E8}"
EndProject
Project("{FAE04EC0-301F-11D3-BF4B-00C04F79EFBC}") = "Tyuiu.ShakirovSA.Sprint3.Task0.V29.Lib", "Tyuiu.ShakirovSA.Sprint3.Task0.V29.Lib\Tyuiu.ShakirovSA.Sprint3.Task0.V29.Lib.csproj", "{91680F34-81D6-4BB3-9DB5-40AB259B8080}"
EndProject
Project("{FAE04EC0-301F-11D3-BF4B-00C04F79EFBC}") = "Tyuiu.ShakirovSA.Sprint3.Task0.V29", "Tyuiu.ShakirovSA.Sprint3.Task0.V29\Tyuiu.ShakirovSA.Sprint3.Task0.V29.csproj", "{51B55C8D-98CD-45EF-8C3B-700145F4D314}"
EndProject
Project("{FAE04EC0-301F-11D3-BF4B-00C04F79EFBC}") = "Tyuiu.ShakirovSA.Sprint3.Task0.V29.Test", "Tyuiu.ShakirovSA.Sprint3.Task0.V29.Test\Tyuiu.ShakirovSA.Sprint3.Task0.V29.Test.csproj", "{EA17E7E1-0EA8-4EDC-9443-717345F67B24}"
EndProject
Project("{2150E333-8FDC-42A3-9474-1A3956D46DE8}") = "Task1", "Task1", "{EBBC58A6-E4DD-45D8-9CC2-70871D8A4A60}"
EndProject
Project("{FAE04EC0-301F-11D3-BF4B-00C04F79EFBC}") = "Tyuiu.ShakirovSA.Sprint3.Task1.V4", "Tyuiu.ShakirovSA.Sprint3.Task1.V4\Tyuiu.ShakirovSA.Sprint3.Task1.V4.csproj", "{7F55DDA7-A438-4282-B13E-24531066AC3E}"
EndProject
Project("{FAE04EC0-301F-11D3-BF4B-00C04F79EFBC}") = "Tyuiu.ShakirovSA.Sprint3.Task1.V4.Lib", "Tyuiu.ShakirovSA.Sprint3.Task1.V4.Lib\Tyuiu.ShakirovSA.Sprint3.Task1.V4.Lib.csproj", "{1CE52AF2-E42F-4BA4-8B00-FD2E31BCDC5E}"
EndProject
Project("{FAE04EC0-301F-11D3-BF4B-00C04F79EFBC}") = "Tyuiu.ShakirovSA.Sprint3.Task1.V4.Test", "Tyuiu.ShakirovSA.Sprint3.Task1.V4.Test\Tyuiu.ShakirovSA.Sprint3.Task1.V4.Test.csproj", "{06370F89-95AD-4A62-B16F-316BC62FB9CE}"
EndProject
Project("{2150E333-8FDC-42A3-9474-1A3956D46DE8}") = "Task2", "Task2", "{46DF1A90-751B-4180-ACFB-C65C8322C8B5}"
EndProject
Project("{FAE04EC0-301F-11D3-BF4B-00C04F79EFBC}") = "Tyuiu.ShakirovSA.Sprint3.Task2.V21", "Tyuiu.ShakirovSA.Sprint3.Task2.V21\Tyuiu.ShakirovSA.Sprint3.Task2.V21.csproj", "{B0EA3B67-6828-4E25-BFB8-F26AE4B6C5EF}"
EndProject
Project("{FAE04EC0-301F-11D3-BF4B-00C04F79EFBC}") = "Tyuiu.ShakirovSA.Sprint3.Task2.V21.Lib", "Tyuiu.ShakirovSA.Sprint3.Task2.V21.Lib\Tyuiu.ShakirovSA.Sprint3.Task2.V21.Lib.csproj", "{20084009-A9E0-40CE-B5A3-89E41502A6A3}"
EndProject
Project("{FAE04EC0-301F-11D3-BF4B-00C04F79EFBC}") = "Tyuiu.ShakirovSA.Sprint3.Task2.V21.Test", "Tyuiu.ShakirovSA.Sprint3.Task2.V21.Test\Tyuiu.ShakirovSA.Sprint3.Task2.V21.Test.csproj", "{DF47A31D-CE5B-4417-949F-36AC5C9C5F51}"
EndProject
Project("{2150E333-8FDC-42A3-9474-1A3956D46DE8}") = "Task3", "Task3", "{FD9CBBB3-987E-44CE-9B02-18F87ADE3120}"
EndProject
Project("{FAE04EC0-301F-11D3-BF4B-00C04F79EFBC}") = "Tyuiu.ShakirovSA.Sprint3.Task3.V3", "Tyuiu.ShakirovSA.Sprint3.Task3.V3\Tyuiu.ShakirovSA.Sprint3.Task3.V3.csproj", "{982D8ABF-61F4-4D63-8ECF-86A563276994}"
EndProject
Project("{FAE04EC0-301F-11D3-BF4B-00C04F79EFBC}") = "Tyuiu.ShakirovSA.Sprint3.Task3.V3.Lib", "Tyuiu.ShakirovSA.Sprint3.Task3.V3.Lib\Tyuiu.ShakirovSA.Sprint3.Task3.V3.Lib.csproj", "{99E9ED55-D8D7-4F59-A6A7-4C7F34047612}"
EndProject
Project("{FAE04EC0-301F-11D3-BF4B-00C04F79EFBC}") = "Tyuiu.ShakirovSA.Sprint3.Task3.V3.Test", "Tyuiu.ShakirovSA.Sprint3.Task3.V3.Test\Tyuiu.ShakirovSA.Sprint3.Task3.V3.Test.csproj", "{87777759-D6A7-4150-B741-B4A846864B76}"
EndProject
Global
	GlobalSection(SolutionConfigurationPlatforms) = preSolution
		Debug|Any CPU = Debug|Any CPU
		Release|Any CPU = Release|Any CPU
	EndGlobalSection
	GlobalSection(ProjectConfigurationPlatforms) = postSolution
		{91680F34-81D6-4BB3-9DB5-40AB259B8080}.Debug|Any CPU.ActiveCfg = Debug|Any CPU
		{91680F34-81D6-4BB3-9DB5-40AB259B8080}.Debug|Any CPU.Build.0 = Debug|Any CPU
		{91680F34-81D6-4BB3-9DB5-40AB259B8080}.Release|Any CPU.ActiveCfg = Release|Any CPU
		{91680F34-81D6-4BB3-9DB5-40AB259B8080}.Release|Any CPU.Build.0 = Release|Any CPU
		{51B55C8D-98CD-45EF-8C3B-700145F4D314}.Debug|Any CPU.ActiveCfg = Debug|Any CPU
		{51B55C8D-98CD-45EF-8C3B-700145F4D314}.Debug|Any CPU.Build.0 = Debug|Any CPU
		{51B55C8D-98CD-45EF-8C3B-700145F4D314}.Release|Any CPU.ActiveCfg = Release|Any CPU
		{51B55C8D-98CD-45EF-8C3B-700145F4D314}.Release|Any CPU.Build.0 = Release|Any CPU
		{EA17E7E1-0EA8-4EDC-9443-717345F67B24}.Debug|Any CPU.ActiveCfg = Debug|Any CPU
		{EA17E7E1-0EA8-4EDC-9443-717345F67B24}.Debug|Any CPU.Build.0 = Debug|Any CPU
		{EA17E7E1-0EA8-4EDC-9443-717345F67B24}.Release|Any CPU.ActiveCfg = Release|Any CPU
		{EA17E7E1-0EA8-4EDC-9443-717345F67B24}.Release|Any CPU.Build.0 = Release|Any CPU
		{7F55DDA7-A438-4282-B13E-24531066AC3E}.Debug|Any CPU.ActiveCfg = Debug|Any CPU
		{7F55DDA7-A438-4282-B13E-24531066AC3E}.Debug|Any CPU.Build.0 = Debug|Any CPU
		{7F55DDA7-A438-4282-B13E-24531066AC3E}.Release|Any CPU.ActiveCfg = Release|Any CPU
		{7F55DDA7-A438-4282-B13E-24531066AC3E}.Release|Any CPU.Build.0 = Release|Any CPU
		{1CE52AF2-E42F-4BA4-8B00-FD2E31BCDC5E}.Debug|Any CPU.ActiveCfg = Debug|Any CPU
		{1CE52AF2-E42F-4BA4-8B00-FD2E31BCDC5E}.Debug|Any CPU.Build.0 = Debug|Any CPU
		{1CE52AF2-E42F-4BA4-8B00-FD2E31BCDC5E}.Release|Any CPU.ActiveCfg = Release|Any CPU
		{1CE52AF2-E42F-4BA4-8B00-FD2E31BCDC5E}.Release|Any CPU.Build.0 = Release|Any CPU
		{06370F89-95AD-4A62-B16F-316BC62FB9CE}.Debug|Any CPU.ActiveCfg = Debug|Any CPU
		{06370F89-95AD-4A62-B16F-316BC62FB9CE}.Debug|Any CPU.Build.0 = Debug|Any CPU
		{06370F89-95AD-4A62-B16F-316BC62FB9CE}.Release|Any CPU.ActiveCfg = Release|Any CPU
		{06370F89-95AD-4A62-B16F-316BC62FB9CE}.Release|Any CPU.Build.0 = Release|Any CPU
		{B0EA3B67-6828-4E25-BFB8-F26AE4B6C5EF}.Debug|Any CPU.ActiveCfg = Debug|Any CPU
		{B0EA3B67-6828-4E25-BFB8-F26AE4B6C5EF}.Debug|Any CPU.Build.0 = Debug|Any CPU
		{B0EA3B67-6828-4E25-BFB8-F26AE4B6C5EF}.Release|Any CPU.ActiveCfg = Release|Any CPU
		{B0EA3B67-6828-4E25-BFB8-F26AE4B6C5EF}.Release|Any CPU.Build.0 = Release|Any CPU
		{20084009-A9E0-40CE-B5A3-89E41502A6A3}.Debug|Any CPU.ActiveCfg = Debug|Any CPU
		{20084009-A9E0-40CE-B5A3-89E41502A6A3}.Debug|Any CPU.Build.0 = Debug|Any CPU
		{20084009-A9E0-40CE-B5A3-89E41502A6A3}.Release|Any CPU.ActiveCfg = Release|Any CPU
		{20084009-A9E0-40CE-B5A3-89E41502A6A3}.Release|Any CPU.Build.0 = Release|Any CPU
		{DF47A31D-CE5B-4417-949F-36AC5C9C5F51}.Debug|Any CPU.ActiveCfg = Debug|Any CPU
		{DF47A31D-CE5B-4417-949F-36AC5C9C5F51}.Debug|Any CPU.Build.0 = Debug|Any CPU
		{DF47A31D-CE5B-4417-949F-36AC5C9C5F51}.Release|Any CPU.ActiveCfg = Release|Any CPU
		{DF47A31D-CE5B-4417-949F-36AC5C9C5F51}.Release|Any CPU.Build.0 = Release|Any CPU
		{982D8ABF-61F4-4D63-8ECF-86A563276994}.Debug|Any CPU.ActiveCfg = Debug|Any CPU
		{982D8ABF-61F4-4D63-8ECF-86A563276994}.Debug|Any CPU.Build.0 = Debug|Any CPU
		{982D8ABF-61F4-4D63-8ECF-86A563276994}.Release|Any CPU.ActiveCfg = Release|Any CPU
		{982D8ABF-61F4-4D63-8ECF-86A563276994}.Release|Any CPU.Build.0 = Release|Any CPU
		{99E9ED55-D8D7-4F59-A6A7-4C7F34047612}.Debug|Any CPU.ActiveCfg = Debug|Any CPU
		{99E9ED55-D8D7-4F59-A6A7-4C7F34047612}.Debug|Any CPU.Build.0 = Debug|Any CPU
		{99E9ED55-D8D7-4F59-A6A7-4C7F34047612}.Release|Any CPU.ActiveCfg = Release|Any CPU
		{99E9ED55-D8D7-4F59-A6A7-4C7F34047612}.Release|Any CPU.Build.0 = Release|Any CPU
		{87777759-D6A7-4150-B741-B4A846864B76}.Debug|Any CPU.ActiveCfg = Debug|Any CPU
		{87777759-D6A7-4150-B741-B4A846864B76}.Debug|Any CPU.Build.0 = Debug|Any CPU
		{87777759-D6A7-4150-B741-B4A846864B76}.Release|Any CPU.ActiveCfg = Release|Any CPU
		{87777759-D6A7-4150-B741-B4A846864B76}.Release|Any CPU.Build.0 = Release|Any CPU
	EndGlobalSection
	GlobalSection(SolutionProperties) = preSolution
		HideSolutionNode = FALSE
	EndGlobalSection
	GlobalSection(NestedProjects) = preSolution
		{91680F34-81D6-4BB3-9DB5-40AB259B8080} = {02EA681E-C7D8-13C7-8484-4AC65E1B71E8}
		{51B55C8D-98CD-45EF-8C3B-700145F4D314} = {02EA681E-C7D8-13C7-8484-4AC65E1B71E8}
		{EA17E7E1-0EA8-4EDC-9443-717345F67B24} = {02EA681E-C7D8-13C7-8484-4AC65E1B71E8}
		{7F55DDA7-A438-4282-B13E-24531066AC3E} = {EBBC58A6-E4DD-45D8-9CC2-70871D8A4A60}
		{1CE52AF2-E42F-4BA4-8B00-FD2E31BCDC5E} = {EBBC58A6-E4DD-45D8-9CC2-70871D8A4A60}
		{06370F89-95AD-4A62-B16F-316BC62FB9CE} = {EBBC58A6-E4DD-45D8-9CC2-70871D8A4A60}
		{B0EA3B67-6828-4E25-BFB8-F26AE4B6C5EF} = {46DF1A90-751B-4180-ACFB-C65C8322C8B5}
		{20084009-A9E0-40CE-B5A3-89E41502A6A3} = {46DF1A90-751B-4180-ACFB-C65C8322C8B5}
		{DF47A31D-CE5B-4417-949F-36AC5C9C5F51} = {46DF1A90-751B-4180-ACFB-C65C8322C8B5}
		{982D8ABF-61F4-4D63-8ECF-86A563276994} = {FD9CBBB3-987E-44CE-9B02-18F87ADE3120}
		{99E9ED55-D8D7-4F59-A6A7-4C7F34047612} = {FD9CBBB3-987E-44CE-9B02-18F87ADE3120}
		{87777759-D6A7-4150-B741-B4A846864B76} = {FD9CBBB3-987E-44CE-9B02-18F87ADE3120}
	EndGlobalSection
	GlobalSection(ExtensibilityGlobals) = postSolution
		SolutionGuid = {6395CF8D-8279-42D6-80A2-26DB94F6CA3C}
	EndGlobalSection
EndGlobal
